
Microsoft Visual Studio Solution File, Format Version 12.00
# Visual Studio 14
VisualStudioVersion = 14.0.25123.0
MinimumVisualStudioVersion = 10.0.40219.1
Project("{8BC9CEB8-8B4A-11D0-8D11-00A0C91BC942}") = "DLL_TEST", "DLL_TEST\DLL_TEST.vcxproj", "{2A4753E7-51A1-44D7-A368-9856308B9B02}"
EndProject
Project("{8BC9CEB8-8B4A-11D0-8D11-00A0C91BC942}") = "CLIENT_DLL", "CLIENT_DLL\CLIENT_DLL.vcxproj", "{17227D12-B0D9-4868-A643-10E509E6D3D3}"
EndProject
Global
	GlobalSection(SolutionConfigurationPlatforms) = preSolution
		Debug|x64 = Debug|x64
		Debug|x86 = Debug|x86
		Release|x64 = Release|x64
		Release|x86 = Release|x86
	EndGlobalSection
	GlobalSection(ProjectConfigurationPlatforms) = postSolution
		{2A4753E7-51A1-44D7-A368-9856308B9B02}.Debug|x64.ActiveCfg = Debug|x64
		{2A4753E7-51A1-44D7-A368-9856308B9B02}.Debug|x64.Build.0 = Debug|x64
		{2A4753E7-51A1-44D7-A368-9856308B9B02}.Debug|x86.ActiveCfg = Debug|Win32
		{2A4753E7-51A1-44D7-A368-9856308B9B02}.Debug|x86.Build.0 = Debug|Win32
		{2A4753E7-51A1-44D7-A368-9856308B9B02}.Release|x64.ActiveCfg = Release|x64
		{2A4753E7-51A1-44D7-A368-9856308B9B02}.Release|x64.Build.0 = Release|x64
		{2A4753E7-51A1-44D7-A368-9856308B9B02}.Release|x86.ActiveCfg = Release|Win32
		{2A4753E7-51A1-44D7-A368-9856308B9B02}.Release|x86.Build.0 = Release|Win32
		{17227D12-B0D9-4868-A643-10E509E6D3D3}.Debug|x64.ActiveCfg = Debug|x64
		{17227D12-B0D9-4868-A643-10E509E6D3D3}.Debug|x64.Build.0 = Debug|x64
		{17227D12-B0D9-4868-A643-10E509E6D3D3}.Debug|x86.ActiveCfg = Debug|Win32
		{17227D12-B0D9-4868-A643-10E509E6D3D3}.Debug|x86.Build.0 = Debug|Win32
		{17227D12-B0D9-4868-A643-10E509E6D3D3}.Release|x64.ActiveCfg = Release|x64
		{17227D12-B0D9-4868-A643-10E509E6D3D3}.Release|x64.Build.0 = Release|x64
		{17227D12-B0D9-4868-A643-10E509E6D3D3}.Release|x86.ActiveCfg = Release|Win32
		{17227D12-B0D9-4868-A643-10E509E6D3D3}.Release|x86.Build.0 = Release|Win32
	EndGlobalSection
	GlobalSection(SolutionProperties) = preSolution
		HideSolutionNode = FALSE
	EndGlobalSection
EndGlobal
