
Microsoft Visual Studio Solution File, Format Version 12.00
# Visual Studio 14
VisualStudioVersion = 14.0.25123.0
MinimumVisualStudioVersion = 10.0.40219.1
Project("{FAE04EC0-301F-11D3-BF4B-00C04F79EFBC}") = "Task00", "Task00\Task00.csproj", "{AF97E2D0-1E21-441F-91D7-A6A5095C28E9}"
EndProject
Project("{FAE04EC0-301F-11D3-BF4B-00C04F79EFBC}") = "Task1", "Task1\Task1.csproj", "{268DD6C3-DA6D-4B35-89EA-DE27FC0CD5FC}"
EndProject
Project("{FAE04EC0-301F-11D3-BF4B-00C04F79EFBC}") = "Task2", "Task02\Task2.csproj", "{616C3293-958C-4497-95BC-75CF07BF3A5D}"
EndProject
Project("{FAE04EC0-301F-11D3-BF4B-00C04F79EFBC}") = "Task3", "Task3\Task3.csproj", "{075F0C5C-BE0D-4106-B950-3A856172428D}"
EndProject
Project("{FAE04EC0-301F-11D3-BF4B-00C04F79EFBC}") = "Task4", "Task4\Task4.csproj", "{F6F9FB7F-BA1E-4E91-A624-8BBB35C06906}"
EndProject
Project("{FAE04EC0-301F-11D3-BF4B-00C04F79EFBC}") = "Task5", "Task5\Task5.csproj", "{B98BF8CF-D985-4CA4-8E31-C17C392D2D17}"
EndProject
Project("{FAE04EC0-301F-11D3-BF4B-00C04F79EFBC}") = "Task6", "Task6\Task6.csproj", "{6B865601-6FA0-4F41-9400-3102D476D769}"
EndProject
Project("{FAE04EC0-301F-11D3-BF4B-00C04F79EFBC}") = "Task7", "Task7\Task7.csproj", "{81946242-9B3A-4EB8-BC7F-98CD68C25679}"
EndProject
Project("{FAE04EC0-301F-11D3-BF4B-00C04F79EFBC}") = "Task8", "Task8\Task8.csproj", "{FC3AAEAB-C6C4-4987-AAFC-F5DA1F5BBAE6}"
EndProject
Project("{FAE04EC0-301F-11D3-BF4B-00C04F79EFBC}") = "Task9", "Task9\Task9.csproj", "{41CB3AF0-9F19-42A3-B3A6-40BB3AB55FB7}"
EndProject
Project("{FAE04EC0-301F-11D3-BF4B-00C04F79EFBC}") = "Task8_2", "Task8.2\Task8_2.csproj", "{65A461F1-6309-4716-96DF-E36C295C7CC4}"
EndProject
Global
	GlobalSection(SolutionConfigurationPlatforms) = preSolution
		Debug|Any CPU = Debug|Any CPU
		Debug|x64 = Debug|x64
		Debug|x86 = Debug|x86
		Release|Any CPU = Release|Any CPU
		Release|x64 = Release|x64
		Release|x86 = Release|x86
	EndGlobalSection
	GlobalSection(ProjectConfigurationPlatforms) = postSolution
		{AF97E2D0-1E21-441F-91D7-A6A5095C28E9}.Debug|Any CPU.ActiveCfg = Debug|Any CPU
		{AF97E2D0-1E21-441F-91D7-A6A5095C28E9}.Debug|Any CPU.Build.0 = Debug|Any CPU
		{AF97E2D0-1E21-441F-91D7-A6A5095C28E9}.Debug|x64.ActiveCfg = Debug|Any CPU
		{AF97E2D0-1E21-441F-91D7-A6A5095C28E9}.Debug|x64.Build.0 = Debug|Any CPU
		{AF97E2D0-1E21-441F-91D7-A6A5095C28E9}.Debug|x86.ActiveCfg = Debug|Any CPU
		{AF97E2D0-1E21-441F-91D7-A6A5095C28E9}.Debug|x86.Build.0 = Debug|Any CPU
		{AF97E2D0-1E21-441F-91D7-A6A5095C28E9}.Release|Any CPU.ActiveCfg = Release|Any CPU
		{AF97E2D0-1E21-441F-91D7-A6A5095C28E9}.Release|Any CPU.Build.0 = Release|Any CPU
		{AF97E2D0-1E21-441F-91D7-A6A5095C28E9}.Release|x64.ActiveCfg = Release|Any CPU
		{AF97E2D0-1E21-441F-91D7-A6A5095C28E9}.Release|x64.Build.0 = Release|Any CPU
		{AF97E2D0-1E21-441F-91D7-A6A5095C28E9}.Release|x86.ActiveCfg = Release|Any CPU
		{AF97E2D0-1E21-441F-91D7-A6A5095C28E9}.Release|x86.Build.0 = Release|Any CPU
		{268DD6C3-DA6D-4B35-89EA-DE27FC0CD5FC}.Debug|Any CPU.ActiveCfg = Debug|Any CPU
		{268DD6C3-DA6D-4B35-89EA-DE27FC0CD5FC}.Debug|Any CPU.Build.0 = Debug|Any CPU
		{268DD6C3-DA6D-4B35-89EA-DE27FC0CD5FC}.Debug|x64.ActiveCfg = Debug|Any CPU
		{268DD6C3-DA6D-4B35-89EA-DE27FC0CD5FC}.Debug|x64.Build.0 = Debug|Any CPU
		{268DD6C3-DA6D-4B35-89EA-DE27FC0CD5FC}.Debug|x86.ActiveCfg = Debug|Any CPU
		{268DD6C3-DA6D-4B35-89EA-DE27FC0CD5FC}.Debug|x86.Build.0 = Debug|Any CPU
		{268DD6C3-DA6D-4B35-89EA-DE27FC0CD5FC}.Release|Any CPU.ActiveCfg = Release|Any CPU
		{268DD6C3-DA6D-4B35-89EA-DE27FC0CD5FC}.Release|Any CPU.Build.0 = Release|Any CPU
		{268DD6C3-DA6D-4B35-89EA-DE27FC0CD5FC}.Release|x64.ActiveCfg = Release|Any CPU
		{268DD6C3-DA6D-4B35-89EA-DE27FC0CD5FC}.Release|x64.Build.0 = Release|Any CPU
		{268DD6C3-DA6D-4B35-89EA-DE27FC0CD5FC}.Release|x86.ActiveCfg = Release|Any CPU
		{268DD6C3-DA6D-4B35-89EA-DE27FC0CD5FC}.Release|x86.Build.0 = Release|Any CPU
		{616C3293-958C-4497-95BC-75CF07BF3A5D}.Debug|Any CPU.ActiveCfg = Debug|Any CPU
		{616C3293-958C-4497-95BC-75CF07BF3A5D}.Debug|Any CPU.Build.0 = Debug|Any CPU
		{616C3293-958C-4497-95BC-75CF07BF3A5D}.Debug|x64.ActiveCfg = Debug|Any CPU
		{616C3293-958C-4497-95BC-75CF07BF3A5D}.Debug|x64.Build.0 = Debug|Any CPU
		{616C3293-958C-4497-95BC-75CF07BF3A5D}.Debug|x86.ActiveCfg = Debug|Any CPU
		{616C3293-958C-4497-95BC-75CF07BF3A5D}.Debug|x86.Build.0 = Debug|Any CPU
		{616C3293-958C-4497-95BC-75CF07BF3A5D}.Release|Any CPU.ActiveCfg = Release|Any CPU
		{616C3293-958C-4497-95BC-75CF07BF3A5D}.Release|Any CPU.Build.0 = Release|Any CPU
		{616C3293-958C-4497-95BC-75CF07BF3A5D}.Release|x64.ActiveCfg = Release|Any CPU
		{616C3293-958C-4497-95BC-75CF07BF3A5D}.Release|x64.Build.0 = Release|Any CPU
		{616C3293-958C-4497-95BC-75CF07BF3A5D}.Release|x86.ActiveCfg = Release|Any CPU
		{616C3293-958C-4497-95BC-75CF07BF3A5D}.Release|x86.Build.0 = Release|Any CPU
		{075F0C5C-BE0D-4106-B950-3A856172428D}.Debug|Any CPU.ActiveCfg = Debug|Any CPU
		{075F0C5C-BE0D-4106-B950-3A856172428D}.Debug|Any CPU.Build.0 = Debug|Any CPU
		{075F0C5C-BE0D-4106-B950-3A856172428D}.Debug|x64.ActiveCfg = Debug|Any CPU
		{075F0C5C-BE0D-4106-B950-3A856172428D}.Debug|x64.Build.0 = Debug|Any CPU
		{075F0C5C-BE0D-4106-B950-3A856172428D}.Debug|x86.ActiveCfg = Debug|Any CPU
		{075F0C5C-BE0D-4106-B950-3A856172428D}.Debug|x86.Build.0 = Debug|Any CPU
		{075F0C5C-BE0D-4106-B950-3A856172428D}.Release|Any CPU.ActiveCfg = Release|Any CPU
		{075F0C5C-BE0D-4106-B950-3A856172428D}.Release|Any CPU.Build.0 = Release|Any CPU
		{075F0C5C-BE0D-4106-B950-3A856172428D}.Release|x64.ActiveCfg = Release|Any CPU
		{075F0C5C-BE0D-4106-B950-3A856172428D}.Release|x64.Build.0 = Release|Any CPU
		{075F0C5C-BE0D-4106-B950-3A856172428D}.Release|x86.ActiveCfg = Release|Any CPU
		{075F0C5C-BE0D-4106-B950-3A856172428D}.Release|x86.Build.0 = Release|Any CPU
		{F6F9FB7F-BA1E-4E91-A624-8BBB35C06906}.Debug|Any CPU.ActiveCfg = Debug|Any CPU
		{F6F9FB7F-BA1E-4E91-A624-8BBB35C06906}.Debug|Any CPU.Build.0 = Debug|Any CPU
		{F6F9FB7F-BA1E-4E91-A624-8BBB35C06906}.Debug|x64.ActiveCfg = Debug|Any CPU
		{F6F9FB7F-BA1E-4E91-A624-8BBB35C06906}.Debug|x64.Build.0 = Debug|Any CPU
		{F6F9FB7F-BA1E-4E91-A624-8BBB35C06906}.Debug|x86.ActiveCfg = Debug|Any CPU
		{F6F9FB7F-BA1E-4E91-A624-8BBB35C06906}.Debug|x86.Build.0 = Debug|Any CPU
		{F6F9FB7F-BA1E-4E91-A624-8BBB35C06906}.Release|Any CPU.ActiveCfg = Release|Any CPU
		{F6F9FB7F-BA1E-4E91-A624-8BBB35C06906}.Release|Any CPU.Build.0 = Release|Any CPU
		{F6F9FB7F-BA1E-4E91-A624-8BBB35C06906}.Release|x64.ActiveCfg = Release|Any CPU
		{F6F9FB7F-BA1E-4E91-A624-8BBB35C06906}.Release|x64.Build.0 = Release|Any CPU
		{F6F9FB7F-BA1E-4E91-A624-8BBB35C06906}.Release|x86.ActiveCfg = Release|Any CPU
		{F6F9FB7F-BA1E-4E91-A624-8BBB35C06906}.Release|x86.Build.0 = Release|Any CPU
		{B98BF8CF-D985-4CA4-8E31-C17C392D2D17}.Debug|Any CPU.ActiveCfg = Debug|Any CPU
		{B98BF8CF-D985-4CA4-8E31-C17C392D2D17}.Debug|Any CPU.Build.0 = Debug|Any CPU
		{B98BF8CF-D985-4CA4-8E31-C17C392D2D17}.Debug|x64.ActiveCfg = Debug|Any CPU
		{B98BF8CF-D985-4CA4-8E31-C17C392D2D17}.Debug|x64.Build.0 = Debug|Any CPU
		{B98BF8CF-D985-4CA4-8E31-C17C392D2D17}.Debug|x86.ActiveCfg = Debug|Any CPU
		{B98BF8CF-D985-4CA4-8E31-C17C392D2D17}.Debug|x86.Build.0 = Debug|Any CPU
		{B98BF8CF-D985-4CA4-8E31-C17C392D2D17}.Release|Any CPU.ActiveCfg = Release|Any CPU
		{B98BF8CF-D985-4CA4-8E31-C17C392D2D17}.Release|Any CPU.Build.0 = Release|Any CPU
		{B98BF8CF-D985-4CA4-8E31-C17C392D2D17}.Release|x64.ActiveCfg = Release|Any CPU
		{B98BF8CF-D985-4CA4-8E31-C17C392D2D17}.Release|x64.Build.0 = Release|Any CPU
		{B98BF8CF-D985-4CA4-8E31-C17C392D2D17}.Release|x86.ActiveCfg = Release|Any CPU
		{B98BF8CF-D985-4CA4-8E31-C17C392D2D17}.Release|x86.Build.0 = Release|Any CPU
		{6B865601-6FA0-4F41-9400-3102D476D769}.Debug|Any CPU.ActiveCfg = Debug|Any CPU
		{6B865601-6FA0-4F41-9400-3102D476D769}.Debug|Any CPU.Build.0 = Debug|Any CPU
		{6B865601-6FA0-4F41-9400-3102D476D769}.Debug|x64.ActiveCfg = Debug|Any CPU
		{6B865601-6FA0-4F41-9400-3102D476D769}.Debug|x64.Build.0 = Debug|Any CPU
		{6B865601-6FA0-4F41-9400-3102D476D769}.Debug|x86.ActiveCfg = Debug|Any CPU
		{6B865601-6FA0-4F41-9400-3102D476D769}.Debug|x86.Build.0 = Debug|Any CPU
		{6B865601-6FA0-4F41-9400-3102D476D769}.Release|Any CPU.ActiveCfg = Release|Any CPU
		{6B865601-6FA0-4F41-9400-3102D476D769}.Release|Any CPU.Build.0 = Release|Any CPU
		{6B865601-6FA0-4F41-9400-3102D476D769}.Release|x64.ActiveCfg = Release|Any CPU
		{6B865601-6FA0-4F41-9400-3102D476D769}.Release|x64.Build.0 = Release|Any CPU
		{6B865601-6FA0-4F41-9400-3102D476D769}.Release|x86.ActiveCfg = Release|Any CPU
		{6B865601-6FA0-4F41-9400-3102D476D769}.Release|x86.Build.0 = Release|Any CPU
		{81946242-9B3A-4EB8-BC7F-98CD68C25679}.Debug|Any CPU.ActiveCfg = Debug|Any CPU
		{81946242-9B3A-4EB8-BC7F-98CD68C25679}.Debug|Any CPU.Build.0 = Debug|Any CPU
		{81946242-9B3A-4EB8-BC7F-98CD68C25679}.Debug|x64.ActiveCfg = Debug|Any CPU
		{81946242-9B3A-4EB8-BC7F-98CD68C25679}.Debug|x64.Build.0 = Debug|Any CPU
		{81946242-9B3A-4EB8-BC7F-98CD68C25679}.Debug|x86.ActiveCfg = Debug|Any CPU
		{81946242-9B3A-4EB8-BC7F-98CD68C25679}.Debug|x86.Build.0 = Debug|Any CPU
		{81946242-9B3A-4EB8-BC7F-98CD68C25679}.Release|Any CPU.ActiveCfg = Release|Any CPU
		{81946242-9B3A-4EB8-BC7F-98CD68C25679}.Release|Any CPU.Build.0 = Release|Any CPU
		{81946242-9B3A-4EB8-BC7F-98CD68C25679}.Release|x64.ActiveCfg = Release|Any CPU
		{81946242-9B3A-4EB8-BC7F-98CD68C25679}.Release|x64.Build.0 = Release|Any CPU
		{81946242-9B3A-4EB8-BC7F-98CD68C25679}.Release|x86.ActiveCfg = Release|Any CPU
		{81946242-9B3A-4EB8-BC7F-98CD68C25679}.Release|x86.Build.0 = Release|Any CPU
		{FC3AAEAB-C6C4-4987-AAFC-F5DA1F5BBAE6}.Debug|Any CPU.ActiveCfg = Debug|Any CPU
		{FC3AAEAB-C6C4-4987-AAFC-F5DA1F5BBAE6}.Debug|Any CPU.Build.0 = Debug|Any CPU
		{FC3AAEAB-C6C4-4987-AAFC-F5DA1F5BBAE6}.Debug|x64.ActiveCfg = Debug|Any CPU
		{FC3AAEAB-C6C4-4987-AAFC-F5DA1F5BBAE6}.Debug|x64.Build.0 = Debug|Any CPU
		{FC3AAEAB-C6C4-4987-AAFC-F5DA1F5BBAE6}.Debug|x86.ActiveCfg = Debug|Any CPU
		{FC3AAEAB-C6C4-4987-AAFC-F5DA1F5BBAE6}.Debug|x86.Build.0 = Debug|Any CPU
		{FC3AAEAB-C6C4-4987-AAFC-F5DA1F5BBAE6}.Release|Any CPU.ActiveCfg = Release|Any CPU
		{FC3AAEAB-C6C4-4987-AAFC-F5DA1F5BBAE6}.Release|Any CPU.Build.0 = Release|Any CPU
		{FC3AAEAB-C6C4-4987-AAFC-F5DA1F5BBAE6}.Release|x64.ActiveCfg = Release|Any CPU
		{FC3AAEAB-C6C4-4987-AAFC-F5DA1F5BBAE6}.Release|x64.Build.0 = Release|Any CPU
		{FC3AAEAB-C6C4-4987-AAFC-F5DA1F5BBAE6}.Release|x86.ActiveCfg = Release|Any CPU
		{FC3AAEAB-C6C4-4987-AAFC-F5DA1F5BBAE6}.Release|x86.Build.0 = Release|Any CPU
		{41CB3AF0-9F19-42A3-B3A6-40BB3AB55FB7}.Debug|Any CPU.ActiveCfg = Debug|Any CPU
		{41CB3AF0-9F19-42A3-B3A6-40BB3AB55FB7}.Debug|Any CPU.Build.0 = Debug|Any CPU
		{41CB3AF0-9F19-42A3-B3A6-40BB3AB55FB7}.Debug|x64.ActiveCfg = Debug|Any CPU
		{41CB3AF0-9F19-42A3-B3A6-40BB3AB55FB7}.Debug|x64.Build.0 = Debug|Any CPU
		{41CB3AF0-9F19-42A3-B3A6-40BB3AB55FB7}.Debug|x86.ActiveCfg = Debug|Any CPU
		{41CB3AF0-9F19-42A3-B3A6-40BB3AB55FB7}.Debug|x86.Build.0 = Debug|Any CPU
		{41CB3AF0-9F19-42A3-B3A6-40BB3AB55FB7}.Release|Any CPU.ActiveCfg = Release|Any CPU
		{41CB3AF0-9F19-42A3-B3A6-40BB3AB55FB7}.Release|Any CPU.Build.0 = Release|Any CPU
		{41CB3AF0-9F19-42A3-B3A6-40BB3AB55FB7}.Release|x64.ActiveCfg = Release|Any CPU
		{41CB3AF0-9F19-42A3-B3A6-40BB3AB55FB7}.Release|x64.Build.0 = Release|Any CPU
		{41CB3AF0-9F19-42A3-B3A6-40BB3AB55FB7}.Release|x86.ActiveCfg = Release|Any CPU
		{41CB3AF0-9F19-42A3-B3A6-40BB3AB55FB7}.Release|x86.Build.0 = Release|Any CPU
		{65A461F1-6309-4716-96DF-E36C295C7CC4}.Debug|Any CPU.ActiveCfg = Debug|Any CPU
		{65A461F1-6309-4716-96DF-E36C295C7CC4}.Debug|Any CPU.Build.0 = Debug|Any CPU
		{65A461F1-6309-4716-96DF-E36C295C7CC4}.Debug|x64.ActiveCfg = Debug|Any CPU
		{65A461F1-6309-4716-96DF-E36C295C7CC4}.Debug|x64.Build.0 = Debug|Any CPU
		{65A461F1-6309-4716-96DF-E36C295C7CC4}.Debug|x86.ActiveCfg = Debug|Any CPU
		{65A461F1-6309-4716-96DF-E36C295C7CC4}.Debug|x86.Build.0 = Debug|Any CPU
		{65A461F1-6309-4716-96DF-E36C295C7CC4}.Release|Any CPU.ActiveCfg = Release|Any CPU
		{65A461F1-6309-4716-96DF-E36C295C7CC4}.Release|Any CPU.Build.0 = Release|Any CPU
		{65A461F1-6309-4716-96DF-E36C295C7CC4}.Release|x64.ActiveCfg = Release|Any CPU
		{65A461F1-6309-4716-96DF-E36C295C7CC4}.Release|x64.Build.0 = Release|Any CPU
		{65A461F1-6309-4716-96DF-E36C295C7CC4}.Release|x86.ActiveCfg = Release|Any CPU
		{65A461F1-6309-4716-96DF-E36C295C7CC4}.Release|x86.Build.0 = Release|Any CPU
	EndGlobalSection
	GlobalSection(SolutionProperties) = preSolution
		HideSolutionNode = FALSE
	EndGlobalSection
EndGlobal
